// !$*UTF8*$!
{
	archiveVersion = 1;
	classes = {
	};
	objectVersion = 50;
	objects = {

/* Begin PBXBuildFile section */
		CF40FDC724BE4E27004AD119 /* AppDelegate.swift in Sources */ = {isa = PBXBuildFile; fileRef = CF40FDC624BE4E27004AD119 /* AppDelegate.swift */; };
		CF40FDC924BE4E27004AD119 /* SceneDelegate.swift in Sources */ = {isa = PBXBuildFile; fileRef = CF40FDC824BE4E27004AD119 /* SceneDelegate.swift */; };
		CF40FDCB24BE4E27004AD119 /* ViewController.swift in Sources */ = {isa = PBXBuildFile; fileRef = CF40FDCA24BE4E27004AD119 /* ViewController.swift */; };
		CF40FDCE24BE4E27004AD119 /* Main.storyboard in Resources */ = {isa = PBXBuildFile; fileRef = CF40FDCC24BE4E27004AD119 /* Main.storyboard */; };
		CF40FDD124BE4E27004AD119 /* Divercity___KWK_group_project.xcdatamodeld in Sources */ = {isa = PBXBuildFile; fileRef = CF40FDCF24BE4E27004AD119 /* Divercity___KWK_group_project.xcdatamodeld */; };
		CF40FDD324BE4E2D004AD119 /* Assets.xcassets in Resources */ = {isa = PBXBuildFile; fileRef = CF40FDD224BE4E2D004AD119 /* Assets.xcassets */; };
		CF40FDD624BE4E2D004AD119 /* LaunchScreen.storyboard in Resources */ = {isa = PBXBuildFile; fileRef = CF40FDD424BE4E2D004AD119 /* LaunchScreen.storyboard */; };
		CF40FDE124BE4E2D004AD119 /* Divercity___KWK_group_projectTests.swift in Sources */ = {isa = PBXBuildFile; fileRef = CF40FDE024BE4E2D004AD119 /* Divercity___KWK_group_projectTests.swift */; };
		CF40FDEC24BE4E2D004AD119 /* Divercity___KWK_group_projectUITests.swift in Sources */ = {isa = PBXBuildFile; fileRef = CF40FDEB24BE4E2D004AD119 /* Divercity___KWK_group_projectUITests.swift */; };
/* End PBXBuildFile section */

/* Begin PBXContainerItemProxy section */
		CF40FDDD24BE4E2D004AD119 /* PBXContainerItemProxy */ = {
			isa = PBXContainerItemProxy;
			containerPortal = CF40FDBB24BE4E27004AD119 /* Project object */;
			proxyType = 1;
			remoteGlobalIDString = CF40FDC224BE4E27004AD119;
			remoteInfo = "Divercity - KWK group project";
		};
		CF40FDE824BE4E2D004AD119 /* PBXContainerItemProxy */ = {
			isa = PBXContainerItemProxy;
			containerPortal = CF40FDBB24BE4E27004AD119 /* Project object */;
			proxyType = 1;
			remoteGlobalIDString = CF40FDC224BE4E27004AD119;
			remoteInfo = "Divercity - KWK group project";
		};
/* End PBXContainerItemProxy section */

/* Begin PBXFileReference section */
		CF40FDC324BE4E27004AD119 /* Divercity - KWK group project.app */ = {isa = PBXFileReference; explicitFileType = wrapper.application; includeInIndex = 0; path = "Divercity - KWK group project.app"; sourceTree = BUILT_PRODUCTS_DIR; };
		CF40FDC624BE4E27004AD119 /* AppDelegate.swift */ = {isa = PBXFileReference; lastKnownFileType = sourcecode.swift; path = AppDelegate.swift; sourceTree = "<group>"; };
		CF40FDC824BE4E27004AD119 /* SceneDelegate.swift */ = {isa = PBXFileReference; lastKnownFileType = sourcecode.swift; path = SceneDelegate.swift; sourceTree = "<group>"; };
		CF40FDCA24BE4E27004AD119 /* ViewController.swift */ = {isa = PBXFileReference; lastKnownFileType = sourcecode.swift; path = ViewController.swift; sourceTree = "<group>"; };
		CF40FDCD24BE4E27004AD119 /* Base */ = {isa = PBXFileReference; lastKnownFileType = file.storyboard; name = Base; path = Base.lproj/Main.storyboard; sourceTree = "<group>"; };
		CF40FDD024BE4E27004AD119 /* Divercity___KWK_group_project.xcdatamodel */ = {isa = PBXFileReference; lastKnownFileType = wrapper.xcdatamodel; path = "Divercity___KWK_group_project.xcdatamodel"; sourceTree = "<group>"; };
		CF40FDD224BE4E2D004AD119 /* Assets.xcassets */ = {isa = PBXFileReference; lastKnownFileType = folder.assetcatalog; path = Assets.xcassets; sourceTree = "<group>"; };
		CF40FDD524BE4E2D004AD119 /* Base */ = {isa = PBXFileReference; lastKnownFileType = file.storyboard; name = Base; path = Base.lproj/LaunchScreen.storyboard; sourceTree = "<group>"; };
		CF40FDD724BE4E2D004AD119 /* Info.plist */ = {isa = PBXFileReference; lastKnownFileType = text.plist.xml; path = Info.plist; sourceTree = "<group>"; };
		CF40FDDC24BE4E2D004AD119 /* Divercity - KWK group projectTests.xctest */ = {isa = PBXFileReference; explicitFileType = wrapper.cfbundle; includeInIndex = 0; path = "Divercity - KWK group projectTests.xctest"; sourceTree = BUILT_PRODUCTS_DIR; };
		CF40FDE024BE4E2D004AD119 /* Divercity___KWK_group_projectTests.swift */ = {isa = PBXFileReference; lastKnownFileType = sourcecode.swift; path = "Divercity___KWK_group_projectTests.swift"; sourceTree = "<group>"; };
		CF40FDE224BE4E2D004AD119 /* Info.plist */ = {isa = PBXFileReference; lastKnownFileType = text.plist.xml; path = Info.plist; sourceTree = "<group>"; };
		CF40FDE724BE4E2D004AD119 /* Divercity - KWK group projectUITests.xctest */ = {isa = PBXFileReference; explicitFileType = wrapper.cfbundle; includeInIndex = 0; path = "Divercity - KWK group projectUITests.xctest"; sourceTree = BUILT_PRODUCTS_DIR; };
		CF40FDEB24BE4E2D004AD119 /* Divercity___KWK_group_projectUITests.swift */ = {isa = PBXFileReference; lastKnownFileType = sourcecode.swift; path = "Divercity___KWK_group_projectUITests.swift"; sourceTree = "<group>"; };
		CF40FDED24BE4E2D004AD119 /* Info.plist */ = {isa = PBXFileReference; lastKnownFileType = text.plist.xml; path = Info.plist; sourceTree = "<group>"; };
/* End PBXFileReference section */

/* Begin PBXFrameworksBuildPhase section */
		CF40FDC024BE4E27004AD119 /* Frameworks */ = {
			isa = PBXFrameworksBuildPhase;
			buildActionMask = 2147483647;
			files = (
			);
			runOnlyForDeploymentPostprocessing = 0;
		};
		CF40FDD924BE4E2D004AD119 /* Frameworks */ = {
			isa = PBXFrameworksBuildPhase;
			buildActionMask = 2147483647;
			files = (
			);
			runOnlyForDeploymentPostprocessing = 0;
		};
		CF40FDE424BE4E2D004AD119 /* Frameworks */ = {
			isa = PBXFrameworksBuildPhase;
			buildActionMask = 2147483647;
			files = (
			);
			runOnlyForDeploymentPostprocessing = 0;
		};
/* End PBXFrameworksBuildPhase section */

/* Begin PBXGroup section */
		CF40FDBA24BE4E27004AD119 = {
			isa = PBXGroup;
			children = (
				CF40FDC524BE4E27004AD119 /* Divercity - KWK group project */,
				CF40FDDF24BE4E2D004AD119 /* Divercity - KWK group projectTests */,
				CF40FDEA24BE4E2D004AD119 /* Divercity - KWK group projectUITests */,
				CF40FDC424BE4E27004AD119 /* Products */,
			);
			sourceTree = "<group>";
		};
		CF40FDC424BE4E27004AD119 /* Products */ = {
			isa = PBXGroup;
			children = (
				CF40FDC324BE4E27004AD119 /* Divercity - KWK group project.app */,
				CF40FDDC24BE4E2D004AD119 /* Divercity - KWK group projectTests.xctest */,
				CF40FDE724BE4E2D004AD119 /* Divercity - KWK group projectUITests.xctest */,
			);
			name = Products;
			sourceTree = "<group>";
		};
		CF40FDC524BE4E27004AD119 /* Divercity - KWK group project */ = {
			isa = PBXGroup;
			children = (
				CF40FDC624BE4E27004AD119 /* AppDelegate.swift */,
				CF40FDC824BE4E27004AD119 /* SceneDelegate.swift */,
				CF40FDCA24BE4E27004AD119 /* ViewController.swift */,
				CF40FDCC24BE4E27004AD119 /* Main.storyboard */,
				CF40FDD224BE4E2D004AD119 /* Assets.xcassets */,
				CF40FDD424BE4E2D004AD119 /* LaunchScreen.storyboard */,
				CF40FDD724BE4E2D004AD119 /* Info.plist */,
				CF40FDCF24BE4E27004AD119 /* Divercity___KWK_group_project.xcdatamodeld */,
			);
			path = "Divercity - KWK group project";
			sourceTree = "<group>";
		};
		CF40FDDF24BE4E2D004AD119 /* Divercity - KWK group projectTests */ = {
			isa = PBXGroup;
			children = (
				CF40FDE024BE4E2D004AD119 /* Divercity___KWK_group_projectTests.swift */,
				CF40FDE224BE4E2D004AD119 /* Info.plist */,
			);
			path = "Divercity - KWK group projectTests";
			sourceTree = "<group>";
		};
		CF40FDEA24BE4E2D004AD119 /* Divercity - KWK group projectUITests */ = {
			isa = PBXGroup;
			children = (
				CF40FDEB24BE4E2D004AD119 /* Divercity___KWK_group_projectUITests.swift */,
				CF40FDED24BE4E2D004AD119 /* Info.plist */,
			);
			path = "Divercity - KWK group projectUITests";
			sourceTree = "<group>";
		};
/* End PBXGroup section */

/* Begin PBXNativeTarget section */
		CF40FDC224BE4E27004AD119 /* Divercity - KWK group project */ = {
			isa = PBXNativeTarget;
			buildConfigurationList = CF40FDF024BE4E2D004AD119 /* Build configuration list for PBXNativeTarget "Divercity - KWK group project" */;
			buildPhases = (
				CF40FDBF24BE4E27004AD119 /* Sources */,
				CF40FDC024BE4E27004AD119 /* Frameworks */,
				CF40FDC124BE4E27004AD119 /* Resources */,
			);
			buildRules = (
			);
			dependencies = (
			);
			name = "Divercity - KWK group project";
			productName = "Divercity - KWK group project";
			productReference = CF40FDC324BE4E27004AD119 /* Divercity - KWK group project.app */;
			productType = "com.apple.product-type.application";
		};
		CF40FDDB24BE4E2D004AD119 /* Divercity - KWK group projectTests */ = {
			isa = PBXNativeTarget;
			buildConfigurationList = CF40FDF324BE4E2D004AD119 /* Build configuration list for PBXNativeTarget "Divercity - KWK group projectTests" */;
			buildPhases = (
				CF40FDD824BE4E2D004AD119 /* Sources */,
				CF40FDD924BE4E2D004AD119 /* Frameworks */,
				CF40FDDA24BE4E2D004AD119 /* Resources */,
			);
			buildRules = (
			);
			dependencies = (
				CF40FDDE24BE4E2D004AD119 /* PBXTargetDependency */,
			);
			name = "Divercity - KWK group projectTests";
			productName = "Divercity - KWK group projectTests";
			productReference = CF40FDDC24BE4E2D004AD119 /* Divercity - KWK group projectTests.xctest */;
			productType = "com.apple.product-type.bundle.unit-test";
		};
		CF40FDE624BE4E2D004AD119 /* Divercity - KWK group projectUITests */ = {
			isa = PBXNativeTarget;
			buildConfigurationList = CF40FDF624BE4E2D004AD119 /* Build configuration list for PBXNativeTarget "Divercity - KWK group projectUITests" */;
			buildPhases = (
				CF40FDE324BE4E2D004AD119 /* Sources */,
				CF40FDE424BE4E2D004AD119 /* Frameworks */,
				CF40FDE524BE4E2D004AD119 /* Resources */,
			);
			buildRules = (
			);
			dependencies = (
				CF40FDE924BE4E2D004AD119 /* PBXTargetDependency */,
			);
			name = "Divercity - KWK group projectUITests";
			productName = "Divercity - KWK group projectUITests";
			productReference = CF40FDE724BE4E2D004AD119 /* Divercity - KWK group projectUITests.xctest */;
			productType = "com.apple.product-type.bundle.ui-testing";
		};
/* End PBXNativeTarget section */

/* Begin PBXProject section */
		CF40FDBB24BE4E27004AD119 /* Project object */ = {
			isa = PBXProject;
			attributes = {
				LastSwiftUpdateCheck = 1150;
				LastUpgradeCheck = 1150;
				ORGANIZATIONNAME = "Rachel Tiffany Gunawan";
				TargetAttributes = {
					CF40FDC224BE4E27004AD119 = {
						CreatedOnToolsVersion = 11.5;
					};
					CF40FDDB24BE4E2D004AD119 = {
						CreatedOnToolsVersion = 11.5;
						TestTargetID = CF40FDC224BE4E27004AD119;
					};
					CF40FDE624BE4E2D004AD119 = {
						CreatedOnToolsVersion = 11.5;
						TestTargetID = CF40FDC224BE4E27004AD119;
					};
				};
			};
			buildConfigurationList = CF40FDBE24BE4E27004AD119 /* Build configuration list for PBXProject "Divercity - KWK group project" */;
			compatibilityVersion = "Xcode 9.3";
			developmentRegion = en;
			hasScannedForEncodings = 0;
			knownRegions = (
				en,
				Base,
			);
			mainGroup = CF40FDBA24BE4E27004AD119;
			productRefGroup = CF40FDC424BE4E27004AD119 /* Products */;
			projectDirPath = "";
			projectRoot = "";
			targets = (
				CF40FDC224BE4E27004AD119 /* Divercity - KWK group project */,
				CF40FDDB24BE4E2D004AD119 /* Divercity - KWK group projectTests */,
				CF40FDE624BE4E2D004AD119 /* Divercity - KWK group projectUITests */,
			);
		};
/* End PBXProject section */

/* Begin PBXResourcesBuildPhase section */
		CF40FDC124BE4E27004AD119 /* Resources */ = {
			isa = PBXResourcesBuildPhase;
			buildActionMask = 2147483647;
			files = (
				CF40FDD624BE4E2D004AD119 /* LaunchScreen.storyboard in Resources */,
				CF40FDD324BE4E2D004AD119 /* Assets.xcassets in Resources */,
				CF40FDCE24BE4E27004AD119 /* Main.storyboard in Resources */,
			);
			runOnlyForDeploymentPostprocessing = 0;
		};
		CF40FDDA24BE4E2D004AD119 /* Resources */ = {
			isa = PBXResourcesBuildPhase;
			buildActionMask = 2147483647;
			files = (
			);
			runOnlyForDeploymentPostprocessing = 0;
		};
		CF40FDE524BE4E2D004AD119 /* Resources */ = {
			isa = PBXResourcesBuildPhase;
			buildActionMask = 2147483647;
			files = (
			);
			runOnlyForDeploymentPostprocessing = 0;
		};
/* End PBXResourcesBuildPhase section */

/* Begin PBXSourcesBuildPhase section */
		CF40FDBF24BE4E27004AD119 /* Sources */ = {
			isa = PBXSourcesBuildPhase;
			buildActionMask = 2147483647;
			files = (
				CF40FDCB24BE4E27004AD119 /* ViewController.swift in Sources */,
				CF40FDD124BE4E27004AD119 /* Divercity___KWK_group_project.xcdatamodeld in Sources */,
				CF40FDC724BE4E27004AD119 /* AppDelegate.swift in Sources */,
				CF40FDC924BE4E27004AD119 /* SceneDelegate.swift in Sources */,
			);
			runOnlyForDeploymentPostprocessing = 0;
		};
		CF40FDD824BE4E2D004AD119 /* Sources */ = {
			isa = PBXSourcesBuildPhase;
			buildActionMask = 2147483647;
			files = (
				CF40FDE124BE4E2D004AD119 /* Divercity___KWK_group_projectTests.swift in Sources */,
			);
			runOnlyForDeploymentPostprocessing = 0;
		};
		CF40FDE324BE4E2D004AD119 /* Sources */ = {
			isa = PBXSourcesBuildPhase;
			buildActionMask = 2147483647;
			files = (
				CF40FDEC24BE4E2D004AD119 /* Divercity___KWK_group_projectUITests.swift in Sources */,
			);
			runOnlyForDeploymentPostprocessing = 0;
		};
/* End PBXSourcesBuildPhase section */

/* Begin PBXTargetDependency section */
		CF40FDDE24BE4E2D004AD119 /* PBXTargetDependency */ = {
			isa = PBXTargetDependency;
			target = CF40FDC224BE4E27004AD119 /* Divercity - KWK group project */;
			targetProxy = CF40FDDD24BE4E2D004AD119 /* PBXContainerItemProxy */;
		};
		CF40FDE924BE4E2D004AD119 /* PBXTargetDependency */ = {
			isa = PBXTargetDependency;
			target = CF40FDC224BE4E27004AD119 /* Divercity - KWK group project */;
			targetProxy = CF40FDE824BE4E2D004AD119 /* PBXContainerItemProxy */;
		};
/* End PBXTargetDependency section */

/* Begin PBXVariantGroup section */
		CF40FDCC24BE4E27004AD119 /* Main.storyboard */ = {
			isa = PBXVariantGroup;
			children = (
				CF40FDCD24BE4E27004AD119 /* Base */,
			);
			name = Main.storyboard;
			sourceTree = "<group>";
		};
		CF40FDD424BE4E2D004AD119 /* LaunchScreen.storyboard */ = {
			isa = PBXVariantGroup;
			children = (
				CF40FDD524BE4E2D004AD119 /* Base */,
			);
			name = LaunchScreen.storyboard;
			sourceTree = "<group>";
		};
/* End PBXVariantGroup section */

/* Begin XCBuildConfiguration section */
		CF40FDEE24BE4E2D004AD119 /* Debug */ = {
			isa = XCBuildConfiguration;
			buildSettings = {
				ALWAYS_SEARCH_USER_PATHS = NO;
				CLANG_ANALYZER_NONNULL = YES;
				CLANG_ANALYZER_NUMBER_OBJECT_CONVERSION = YES_AGGRESSIVE;
				CLANG_CXX_LANGUAGE_STANDARD = "gnu++14";
				CLANG_CXX_LIBRARY = "libc++";
				CLANG_ENABLE_MODULES = YES;
				CLANG_ENABLE_OBJC_ARC = YES;
				CLANG_ENABLE_OBJC_WEAK = YES;
				CLANG_WARN_BLOCK_CAPTURE_AUTORELEASING = YES;
				CLANG_WARN_BOOL_CONVERSION = YES;
				CLANG_WARN_COMMA = YES;
				CLANG_WARN_CONSTANT_CONVERSION = YES;
				CLANG_WARN_DEPRECATED_OBJC_IMPLEMENTATIONS = YES;
				CLANG_WARN_DIRECT_OBJC_ISA_USAGE = YES_ERROR;
				CLANG_WARN_DOCUMENTATION_COMMENTS = YES;
				CLANG_WARN_EMPTY_BODY = YES;
				CLANG_WARN_ENUM_CONVERSION = YES;
				CLANG_WARN_INFINITE_RECURSION = YES;
				CLANG_WARN_INT_CONVERSION = YES;
				CLANG_WARN_NON_LITERAL_NULL_CONVERSION = YES;
				CLANG_WARN_OBJC_IMPLICIT_RETAIN_SELF = YES;
				CLANG_WARN_OBJC_LITERAL_CONVERSION = YES;
				CLANG_WARN_OBJC_ROOT_CLASS = YES_ERROR;
				CLANG_WARN_RANGE_LOOP_ANALYSIS = YES;
				CLANG_WARN_STRICT_PROTOTYPES = YES;
				CLANG_WARN_SUSPICIOUS_MOVE = YES;
				CLANG_WARN_UNGUARDED_AVAILABILITY = YES_AGGRESSIVE;
				CLANG_WARN_UNREACHABLE_CODE = YES;
				CLANG_WARN__DUPLICATE_METHOD_MATCH = YES;
				COPY_PHASE_STRIP = NO;
				DEBUG_INFORMATION_FORMAT = dwarf;
				ENABLE_STRICT_OBJC_MSGSEND = YES;
				ENABLE_TESTABILITY = YES;
				GCC_C_LANGUAGE_STANDARD = gnu11;
				GCC_DYNAMIC_NO_PIC = NO;
				GCC_NO_COMMON_BLOCKS = YES;
				GCC_OPTIMIZATION_LEVEL = 0;
				GCC_PREPROCESSOR_DEFINITIONS = (
					"DEBUG=1",
					"$(inherited)",
				);
				GCC_WARN_64_TO_32_BIT_CONVERSION = YES;
				GCC_WARN_ABOUT_RETURN_TYPE = YES_ERROR;
				GCC_WARN_UNDECLARED_SELECTOR = YES;
				GCC_WARN_UNINITIALIZED_AUTOS = YES_AGGRESSIVE;
				GCC_WARN_UNUSED_FUNCTION = YES;
				GCC_WARN_UNUSED_VARIABLE = YES;
				IPHONEOS_DEPLOYMENT_TARGET = 13.5;
				MTL_ENABLE_DEBUG_INFO = INCLUDE_SOURCE;
				MTL_FAST_MATH = YES;
				ONLY_ACTIVE_ARCH = YES;
				SDKROOT = iphoneos;
				SWIFT_ACTIVE_COMPILATION_CONDITIONS = DEBUG;
				SWIFT_OPTIMIZATION_LEVEL = "-Onone";
			};
			name = Debug;
		};
		CF40FDEF24BE4E2D004AD119 /* Release */ = {
			isa = XCBuildConfiguration;
			buildSettings = {
				ALWAYS_SEARCH_USER_PATHS = NO;
				CLANG_ANALYZER_NONNULL = YES;
				CLANG_ANALYZER_NUMBER_OBJECT_CONVERSION = YES_AGGRESSIVE;
				CLANG_CXX_LANGUAGE_STANDARD = "gnu++14";
				CLANG_CXX_LIBRARY = "libc++";
				CLANG_ENABLE_MODULES = YES;
				CLANG_ENABLE_OBJC_ARC = YES;
				CLANG_ENABLE_OBJC_WEAK = YES;
				CLANG_WARN_BLOCK_CAPTURE_AUTORELEASING = YES;
				CLANG_WARN_BOOL_CONVERSION = YES;
				CLANG_WARN_COMMA = YES;
				CLANG_WARN_CONSTANT_CONVERSION = YES;
				CLANG_WARN_DEPRECATED_OBJC_IMPLEMENTATIONS = YES;
				CLANG_WARN_DIRECT_OBJC_ISA_USAGE = YES_ERROR;
				CLANG_WARN_DOCUMENTATION_COMMENTS = YES;
				CLANG_WARN_EMPTY_BODY = YES;
				CLANG_WARN_ENUM_CONVERSION = YES;
				CLANG_WARN_INFINITE_RECURSION = YES;
				CLANG_WARN_INT_CONVERSION = YES;
				CLANG_WARN_NON_LITERAL_NULL_CONVERSION = YES;
				CLANG_WARN_OBJC_IMPLICIT_RETAIN_SELF = YES;
				CLANG_WARN_OBJC_LITERAL_CONVERSION = YES;
				CLANG_WARN_OBJC_ROOT_CLASS = YES_ERROR;
				CLANG_WARN_RANGE_LOOP_ANALYSIS = YES;
				CLANG_WARN_STRICT_PROTOTYPES = YES;
				CLANG_WARN_SUSPICIOUS_MOVE = YES;
				CLANG_WARN_UNGUARDED_AVAILABILITY = YES_AGGRESSIVE;
				CLANG_WARN_UNREACHABLE_CODE = YES;
				CLANG_WARN__DUPLICATE_METHOD_MATCH = YES;
				COPY_PHASE_STRIP = NO;
				DEBUG_INFORMATION_FORMAT = "dwarf-with-dsym";
				ENABLE_NS_ASSERTIONS = NO;
				ENABLE_STRICT_OBJC_MSGSEND = YES;
				GCC_C_LANGUAGE_STANDARD = gnu11;
				GCC_NO_COMMON_BLOCKS = YES;
				GCC_WARN_64_TO_32_BIT_CONVERSION = YES;
				GCC_WARN_ABOUT_RETURN_TYPE = YES_ERROR;
				GCC_WARN_UNDECLARED_SELECTOR = YES;
				GCC_WARN_UNINITIALIZED_AUTOS = YES_AGGRESSIVE;
				GCC_WARN_UNUSED_FUNCTION = YES;
				GCC_WARN_UNUSED_VARIABLE = YES;
				IPHONEOS_DEPLOYMENT_TARGET = 13.5;
				MTL_ENABLE_DEBUG_INFO = NO;
				MTL_FAST_MATH = YES;
				SDKROOT = iphoneos;
				SWIFT_COMPILATION_MODE = wholemodule;
				SWIFT_OPTIMIZATION_LEVEL = "-O";
				VALIDATE_PRODUCT = YES;
			};
			name = Release;
		};
		CF40FDF124BE4E2D004AD119 /* Debug */ = {
			isa = XCBuildConfiguration;
			buildSettings = {
				ASSETCATALOG_COMPILER_APPICON_NAME = AppIcon;
				CODE_SIGN_STYLE = Automatic;
				INFOPLIST_FILE = "Divercity - KWK group project/Info.plist";
				LD_RUNPATH_SEARCH_PATHS = (
					"$(inherited)",
					"@executable_path/Frameworks",
				);
				PRODUCT_BUNDLE_IDENTIFIER = "Rachel-Tiffany-Gunawan.Divercity---KWK-group-project";
				PRODUCT_NAME = "$(TARGET_NAME)";
				SWIFT_VERSION = 5.0;
				TARGETED_DEVICE_FAMILY = "1,2";
			};
			name = Debug;
		};
		CF40FDF224BE4E2D004AD119 /* Release */ = {
			isa = XCBuildConfiguration;
			buildSettings = {
				ASSETCATALOG_COMPILER_APPICON_NAME = AppIcon;
				CODE_SIGN_STYLE = Automatic;
				INFOPLIST_FILE = "Divercity - KWK group project/Info.plist";
				LD_RUNPATH_SEARCH_PATHS = (
					"$(inherited)",
					"@executable_path/Frameworks",
				);
				PRODUCT_BUNDLE_IDENTIFIER = "Rachel-Tiffany-Gunawan.Divercity---KWK-group-project";
				PRODUCT_NAME = "$(TARGET_NAME)";
				SWIFT_VERSION = 5.0;
				TARGETED_DEVICE_FAMILY = "1,2";
			};
			name = Release;
		};
		CF40FDF424BE4E2D004AD119 /* Debug */ = {
			isa = XCBuildConfiguration;
			buildSettings = {
				ALWAYS_EMBED_SWIFT_STANDARD_LIBRARIES = YES;
				BUNDLE_LOADER = "$(TEST_HOST)";
				CODE_SIGN_STYLE = Automatic;
				INFOPLIST_FILE = "Divercity - KWK group projectTests/Info.plist";
				IPHONEOS_DEPLOYMENT_TARGET = 13.5;
				LD_RUNPATH_SEARCH_PATHS = (
					"$(inherited)",
					"@executable_path/Frameworks",
					"@loader_path/Frameworks",
				);
				PRODUCT_BUNDLE_IDENTIFIER = "Rachel-Tiffany-Gunawan.Divercity---KWK-group-projectTests";
				PRODUCT_NAME = "$(TARGET_NAME)";
				SWIFT_VERSION = 5.0;
				TARGETED_DEVICE_FAMILY = "1,2";
				TEST_HOST = "$(BUILT_PRODUCTS_DIR)/Divercity - KWK group project.app/Divercity - KWK group project";
			};
			name = Debug;
		};
		CF40FDF524BE4E2D004AD119 /* Release */ = {
			isa = XCBuildConfiguration;
			buildSettings = {
				ALWAYS_EMBED_SWIFT_STANDARD_LIBRARIES = YES;
				BUNDLE_LOADER = "$(TEST_HOST)";
				CODE_SIGN_STYLE = Automatic;
				INFOPLIST_FILE = "Divercity - KWK group projectTests/Info.plist";
				IPHONEOS_DEPLOYMENT_TARGET = 13.5;
				LD_RUNPATH_SEARCH_PATHS = (
					"$(inherited)",
					"@executable_path/Frameworks",
					"@loader_path/Frameworks",
				);
				PRODUCT_BUNDLE_IDENTIFIER = "Rachel-Tiffany-Gunawan.Divercity---KWK-group-projectTests";
				PRODUCT_NAME = "$(TARGET_NAME)";
				SWIFT_VERSION = 5.0;
				TARGETED_DEVICE_FAMILY = "1,2";
				TEST_HOST = "$(BUILT_PRODUCTS_DIR)/Divercity - KWK group project.app/Divercity - KWK group project";
			};
			name = Release;
		};
		CF40FDF724BE4E2D004AD119 /* Debug */ = {
			isa = XCBuildConfiguration;
			buildSettings = {
				ALWAYS_EMBED_SWIFT_STANDARD_LIBRARIES = YES;
				CODE_SIGN_STYLE = Automatic;
				INFOPLIST_FILE = "Divercity - KWK group projectUITests/Info.plist";
				LD_RUNPATH_SEARCH_PATHS = (
					"$(inherited)",
					"@executable_path/Frameworks",
					"@loader_path/Frameworks",
				);
				PRODUCT_BUNDLE_IDENTIFIER = "Rachel-Tiffany-Gunawan.Divercity---KWK-group-projectUITests";
				PRODUCT_NAME = "$(TARGET_NAME)";
				SWIFT_VERSION = 5.0;
				TARGETED_DEVICE_FAMILY = "1,2";
				TEST_TARGET_NAME = "Divercity - KWK group project";
			};
			name = Debug;
		};
		CF40FDF824BE4E2D004AD119 /* Release */ = {
			isa = XCBuildConfiguration;
			buildSettings = {
				ALWAYS_EMBED_SWIFT_STANDARD_LIBRARIES = YES;
				CODE_SIGN_STYLE = Automatic;
				INFOPLIST_FILE = "Divercity - KWK group projectUITests/Info.plist";
				LD_RUNPATH_SEARCH_PATHS = (
					"$(inherited)",
					"@executable_path/Frameworks",
					"@loader_path/Frameworks",
				);
				PRODUCT_BUNDLE_IDENTIFIER = "Rachel-Tiffany-Gunawan.Divercity---KWK-group-projectUITests";
				PRODUCT_NAME = "$(TARGET_NAME)";
				SWIFT_VERSION = 5.0;
				TARGETED_DEVICE_FAMILY = "1,2";
				TEST_TARGET_NAME = "Divercity - KWK group project";
			};
			name = Release;
		};
/* End XCBuildConfiguration section */

/* Begin XCConfigurationList section */
		CF40FDBE24BE4E27004AD119 /* Build configuration list for PBXProject "Divercity - KWK group project" */ = {
			isa = XCConfigurationList;
			buildConfigurations = (
				CF40FDEE24BE4E2D004AD119 /* Debug */,
				CF40FDEF24BE4E2D004AD119 /* Release */,
			);
			defaultConfigurationIsVisible = 0;
			defaultConfigurationName = Release;
		};
		CF40FDF024BE4E2D004AD119 /* Build configuration list for PBXNativeTarget "Divercity - KWK group project" */ = {
			isa = XCConfigurationList;
			buildConfigurations = (
				CF40FDF124BE4E2D004AD119 /* Debug */,
				CF40FDF224BE4E2D004AD119 /* Release */,
			);
			defaultConfigurationIsVisible = 0;
			defaultConfigurationName = Release;
		};
		CF40FDF324BE4E2D004AD119 /* Build configuration list for PBXNativeTarget "Divercity - KWK group projectTests" */ = {
			isa = XCConfigurationList;
			buildConfigurations = (
				CF40FDF424BE4E2D004AD119 /* Debug */,
				CF40FDF524BE4E2D004AD119 /* Release */,
			);
			defaultConfigurationIsVisible = 0;
			defaultConfigurationName = Release;
		};
		CF40FDF624BE4E2D004AD119 /* Build configuration list for PBXNativeTarget "Divercity - KWK group projectUITests" */ = {
			isa = XCConfigurationList;
			buildConfigurations = (
				CF40FDF724BE4E2D004AD119 /* Debug */,
				CF40FDF824BE4E2D004AD119 /* Release */,
			);
			defaultConfigurationIsVisible = 0;
			defaultConfigurationName = Release;
		};
/* End XCConfigurationList section */

/* Begin XCVersionGroup section */
		CF40FDCF24BE4E27004AD119 /* Divercity___KWK_group_project.xcdatamodeld */ = {
			isa = XCVersionGroup;
			children = (
				CF40FDD024BE4E27004AD119 /* Divercity___KWK_group_project.xcdatamodel */,
			);
			currentVersion = CF40FDD024BE4E27004AD119 /* Divercity___KWK_group_project.xcdatamodel */;
			path = "Divercity___KWK_group_project.xcdatamodeld";
			sourceTree = "<group>";
			versionGroupType = wrapper.xcdatamodel;
		};
/* End XCVersionGroup section */
	};
	rootObject = CF40FDBB24BE4E27004AD119 /* Project object */;
}
